
Microsoft Visual Studio Solution File, Format Version 12.00
# Visual Studio 15
Project("{FAE04EC0-301F-11D3-BF4B-00C04F79EFBC}") = "Sirenix.OdinInspector.CompatibilityLayer", "Sirenix.OdinInspector.CompatibilityLayer.csproj", "{659DB9C7-6C69-9E2A-31FE-035939B93EF4}"
EndProject
Project("{FAE04EC0-301F-11D3-BF4B-00C04F79EFBC}") = "XNode", "XNode.csproj", "{2077D19A-58BD-10C6-34B9-FB599615F29D}"
EndProject
Project("{FAE04EC0-301F-11D3-BF4B-00C04F79EFBC}") = "Assembly-CSharp-Editor", "Assembly-CSharp-Editor.csproj", "{29BAC463-200A-B844-2A87-742505471C4A}"
EndProject
Project("{FAE04EC0-301F-11D3-BF4B-00C04F79EFBC}") = "XNodeEditor", "XNodeEditor.csproj", "{F409F8A1-FC2B-58BD-D381-1E42F0338670}"
EndProject
Project("{FAE04EC0-301F-11D3-BF4B-00C04F79EFBC}") = "Sirenix.OdinInspector.CompatibilityLayer.Editor", "Sirenix.OdinInspector.CompatibilityLayer.Editor.csproj", "{2AB35A8F-6803-28C8-CFB6-A44402E86D23}"
EndProject
Global
	GlobalSection(SolutionConfigurationPlatforms) = preSolution
		Debug|Any CPU = Debug|Any CPU
		Release|Any CPU = Release|Any CPU
	EndGlobalSection
	GlobalSection(ProjectConfigurationPlatforms) = postSolution
		{659DB9C7-6C69-9E2A-31FE-035939B93EF4}.Debug|Any CPU.ActiveCfg = Debug|Any CPU
		{659DB9C7-6C69-9E2A-31FE-035939B93EF4}.Debug|Any CPU.Build.0 = Debug|Any CPU
		{659DB9C7-6C69-9E2A-31FE-035939B93EF4}.Release|Any CPU.ActiveCfg = Release|Any CPU
		{659DB9C7-6C69-9E2A-31FE-035939B93EF4}.Release|Any CPU.Build.0 = Release|Any CPU
		{2077D19A-58BD-10C6-34B9-FB599615F29D}.Debug|Any CPU.ActiveCfg = Debug|Any CPU
		{2077D19A-58BD-10C6-34B9-FB599615F29D}.Debug|Any CPU.Build.0 = Debug|Any CPU
		{2077D19A-58BD-10C6-34B9-FB599615F29D}.Release|Any CPU.ActiveCfg = Release|Any CPU
		{2077D19A-58BD-10C6-34B9-FB599615F29D}.Release|Any CPU.Build.0 = Release|Any CPU
		{29BAC463-200A-B844-2A87-742505471C4A}.Debug|Any CPU.ActiveCfg = Debug|Any CPU
		{29BAC463-200A-B844-2A87-742505471C4A}.Debug|Any CPU.Build.0 = Debug|Any CPU
		{29BAC463-200A-B844-2A87-742505471C4A}.Release|Any CPU.ActiveCfg = Release|Any CPU
		{29BAC463-200A-B844-2A87-742505471C4A}.Release|Any CPU.Build.0 = Release|Any CPU
		{F409F8A1-FC2B-58BD-D381-1E42F0338670}.Debug|Any CPU.ActiveCfg = Debug|Any CPU
		{F409F8A1-FC2B-58BD-D381-1E42F0338670}.Debug|Any CPU.Build.0 = Debug|Any CPU
		{F409F8A1-FC2B-58BD-D381-1E42F0338670}.Release|Any CPU.ActiveCfg = Release|Any CPU
		{F409F8A1-FC2B-58BD-D381-1E42F0338670}.Release|Any CPU.Build.0 = Release|Any CPU
		{2AB35A8F-6803-28C8-CFB6-A44402E86D23}.Debug|Any CPU.ActiveCfg = Debug|Any CPU
		{2AB35A8F-6803-28C8-CFB6-A44402E86D23}.Debug|Any CPU.Build.0 = Debug|Any CPU
		{2AB35A8F-6803-28C8-CFB6-A44402E86D23}.Release|Any CPU.ActiveCfg = Release|Any CPU
		{2AB35A8F-6803-28C8-CFB6-A44402E86D23}.Release|Any CPU.Build.0 = Release|Any CPU
	EndGlobalSection
	GlobalSection(SolutionProperties) = preSolution
		HideSolutionNode = FALSE
	EndGlobalSection
EndGlobal
